{
  "name": "react-app-rewire-lodash-plugin",
  "version": "1.0.2",
  "lockfileVersion": 1,
  "requires": true,
  "dependencies": {
    "lodash": {
      "version": "4.17.15",
      "resolved": "https://registry.npmjs.org/lodash/-/lodash-4.17.15.tgz",
      "integrity": "sha512-8xOcRHvCjnocdS5cpwXQXVzmmh5e5+saE2QGoeQmbKmRS6J3VQppPOIt0MnmE+4xlZoumy0GPG0D0MVIQbNA1A=="
    },
    "lodash-webpack-plugin": {
      "version": "0.11.5",
      "resolved": "https://registry.npmjs.org/lodash-webpack-plugin/-/lodash-webpack-plugin-0.11.5.tgz",
      "integrity": "sha512-QWfEIYxpixOdbd6KBe5g6MDWcyTgP3trDXwKHFqTlXrWiLcs/67fGQ0IWeRyhWlTITQIgMpJAYd2oeIztuV5VA==",
      "requires": {
        "lodash": "^4.17.4"
      }
    }
  }
}
